
Microsoft Visual Studio Solution File, Format Version 12.00
# Visual Studio 2012
Project("{8BC9CEB8-8B4A-11D0-8D11-00A0C91BC942}") = "Proyecto 3", "Proyecto 3\Proyecto 3.vcxproj", "{3839F1E8-D6C5-46EF-989E-3035FACC2843}"
EndProject
Global
	GlobalSection(SolutionConfigurationPlatforms) = preSolution
		Debug|Win32 = Debug|Win32
		Release|Win32 = Release|Win32
	EndGlobalSection
	GlobalSection(ProjectConfigurationPlatforms) = postSolution
		{3839F1E8-D6C5-46EF-989E-3035FACC2843}.Debug|Win32.ActiveCfg = Debug|Win32
		{3839F1E8-D6C5-46EF-989E-3035FACC2843}.Debug|Win32.Build.0 = Debug|Win32
		{3839F1E8-D6C5-46EF-989E-3035FACC2843}.Release|Win32.ActiveCfg = Release|Win32
		{3839F1E8-D6C5-46EF-989E-3035FACC2843}.Release|Win32.Build.0 = Release|Win32
	EndGlobalSection
	GlobalSection(SolutionProperties) = preSolution
		HideSolutionNode = FALSE
	EndGlobalSection
EndGlobal
